
Microsoft Visual Studio Solution File, Format Version 12.00
# Visual Studio Version 17
VisualStudioVersion = 17.8.34330.188
MinimumVisualStudioVersion = 10.0.40219.1
Project("{FAE04EC0-301F-11D3-BF4B-00C04F79EFBC}") = "MobileFlat.Android", "MobileFlat\MobileFlat.Android\MobileFlat.Android.csproj", "{2A4E4385-D078-40A8-9E9A-73FC2946408B}"
EndProject
Project("{9A19103F-16F7-4668-BE54-9A1E7A4F7556}") = "MobileFlat", "MobileFlat\MobileFlat\MobileFlat.csproj", "{97F612BA-AB99-4D3C-9D05-F53004D9674C}"
EndProject
Project("{FAE04EC0-301F-11D3-BF4B-00C04F79EFBC}") = "Tests", "Tests\Tests.csproj", "{A53E81A9-5C95-455E-A5C3-8E209E024E6A}"
EndProject
Global
	GlobalSection(SolutionConfigurationPlatforms) = preSolution
		Debug|Any CPU = Debug|Any CPU
		Release|Any CPU = Release|Any CPU
	EndGlobalSection
	GlobalSection(ProjectConfigurationPlatforms) = postSolution
		{2A4E4385-D078-40A8-9E9A-73FC2946408B}.Debug|Any CPU.ActiveCfg = Debug|Any CPU
		{2A4E4385-D078-40A8-9E9A-73FC2946408B}.Debug|Any CPU.Build.0 = Debug|Any CPU
		{2A4E4385-D078-40A8-9E9A-73FC2946408B}.Debug|Any CPU.Deploy.0 = Debug|Any CPU
		{2A4E4385-D078-40A8-9E9A-73FC2946408B}.Release|Any CPU.ActiveCfg = Release|Any CPU
		{2A4E4385-D078-40A8-9E9A-73FC2946408B}.Release|Any CPU.Build.0 = Release|Any CPU
		{2A4E4385-D078-40A8-9E9A-73FC2946408B}.Release|Any CPU.Deploy.0 = Release|Any CPU
		{97F612BA-AB99-4D3C-9D05-F53004D9674C}.Debug|Any CPU.ActiveCfg = Debug|Any CPU
		{97F612BA-AB99-4D3C-9D05-F53004D9674C}.Debug|Any CPU.Build.0 = Debug|Any CPU
		{97F612BA-AB99-4D3C-9D05-F53004D9674C}.Debug|Any CPU.Deploy.0 = Debug|Any CPU
		{97F612BA-AB99-4D3C-9D05-F53004D9674C}.Release|Any CPU.ActiveCfg = Release|Any CPU
		{97F612BA-AB99-4D3C-9D05-F53004D9674C}.Release|Any CPU.Build.0 = Release|Any CPU
		{97F612BA-AB99-4D3C-9D05-F53004D9674C}.Release|Any CPU.Deploy.0 = Release|Any CPU
		{A53E81A9-5C95-455E-A5C3-8E209E024E6A}.Debug|Any CPU.ActiveCfg = Debug|Any CPU
		{A53E81A9-5C95-455E-A5C3-8E209E024E6A}.Debug|Any CPU.Build.0 = Debug|Any CPU
		{A53E81A9-5C95-455E-A5C3-8E209E024E6A}.Release|Any CPU.ActiveCfg = Release|Any CPU
		{A53E81A9-5C95-455E-A5C3-8E209E024E6A}.Release|Any CPU.Build.0 = Release|Any CPU
	EndGlobalSection
	GlobalSection(SolutionProperties) = preSolution
		HideSolutionNode = FALSE
	EndGlobalSection
	GlobalSection(ExtensibilityGlobals) = postSolution
		SolutionGuid = {C8F1AC90-3F8F-4A9C-A9DE-1FA629F66013}
	EndGlobalSection
EndGlobal
